
Microsoft Visual Studio Solution File, Format Version 12.00
# Visual Studio Version 17
VisualStudioVersion = 17.7.34024.191
MinimumVisualStudioVersion = 10.0.40219.1
Project("{9A19103F-16F7-4668-BE54-9A1E7A4F7556}") = "SkiServiceMongoDB", "SkiServiceMongoDB.csproj", "{9702E7C1-1607-4A9A-9E67-178A0342B552}"
EndProject
Global
	GlobalSection(SolutionConfigurationPlatforms) = preSolution
		Debug|Any CPU = Debug|Any CPU
		Release|Any CPU = Release|Any CPU
	EndGlobalSection
	GlobalSection(ProjectConfigurationPlatforms) = postSolution
		{9702E7C1-1607-4A9A-9E67-178A0342B552}.Debug|Any CPU.ActiveCfg = Debug|Any CPU
		{9702E7C1-1607-4A9A-9E67-178A0342B552}.Debug|Any CPU.Build.0 = Debug|Any CPU
		{9702E7C1-1607-4A9A-9E67-178A0342B552}.Release|Any CPU.ActiveCfg = Release|Any CPU
		{9702E7C1-1607-4A9A-9E67-178A0342B552}.Release|Any CPU.Build.0 = Release|Any CPU
	EndGlobalSection
	GlobalSection(SolutionProperties) = preSolution
		HideSolutionNode = FALSE
	EndGlobalSection
	GlobalSection(ExtensibilityGlobals) = postSolution
		SolutionGuid = {57B30B1B-97C5-468F-8308-F6BF8E95B903}
	EndGlobalSection
EndGlobal
